<?xml version="1.0" encoding="utf-8"?>
<Project ToolsVersion="4.0" xmlns="http://schemas.microsoft.com/developer/msbuild/2003">
  <ItemGroup>
    <Filter Include="Source Files">
      <UniqueIdentifier>{c1154ebd-b7a3-42b3-b6a3-cf0656ff0dc4}</UniqueIdentifier>
      <Extensions>cpp;c;cxx;rc;def;r;odl;idl;hpj;bat</Extensions>
    </Filter>
    <Filter Include="Header Files">
      <UniqueIdentifier>{d52db372-75fa-4927-9060-7736afcab3ce}</UniqueIdentifier>
      <Extensions>h;hpp;hxx;hm;inl</Extensions>
    </Filter>
    <Filter Include="Resource Files">
      <UniqueIdentifier>{6f46fca3-81d8-48c0-88bd-14366c6de651}</UniqueIdentifier>
      <Extensions>ico;cur;bmp;dlg;rc2;rct;bin;rgs;gif;jpg;jpeg;jpe</Extensions>
    </Filter>
  </ItemGroup>
  <ItemGroup>
    <ClCompile Include="BiOpers.c">
      <Filter>Source Files</Filter>
    </ClCompile>
    <ClCompile Include="ControlDlg.c">
      <Filter>Source Files</Filter>
    </ClCompile>
    <ClCompile Include="DataBase.c">
      <Filter>Source Files</Filter>
    </ClCompile>
    <ClCompile Include="Errors.c">
      <Filter>Source Files</Filter>
    </ClCompile>
    <ClCompile Include="MainWnd.c">
      <Filter>Source Files</Filter>
    </ClCompile>
    <ClCompile Include="weShowWnd.c">
      <Filter>Source Files</Filter>
    </ClCompile>
  </ItemGroup>
  <ItemGroup>
    <ClInclude Include="WorkedEx.h">
      <Filter>Header Files</Filter>
    </ClInclude>
  </ItemGroup>
  <ItemGroup>
    <None Include="Futronic.bmp">
      <Filter>Resource Files</Filter>
    </None>
    <None Include="Futronic.ico">
      <Filter>Resource Files</Filter>
    </None>
  </ItemGroup>
  <ItemGroup>
    <ResourceCompile Include="WorkedEx.rc">
      <Filter>Resource Files</Filter>
    </ResourceCompile>
  </ItemGroup>
</Project>