<?xml version="1.0" encoding="utf-8"?>
<Project ToolsVersion="4.0" xmlns="http://schemas.microsoft.com/developer/msbuild/2003">
  <ItemGroup>
    <Filter Include="Source Files">
      <UniqueIdentifier>{4FC737F1-C7A5-4376-A066-2A32D752A2FF}</UniqueIdentifier>
      <Extensions>cpp;c;cc;cxx;def;odl;idl;hpj;bat;asm;asmx</Extensions>
    </Filter>
    <Filter Include="Header Files">
      <UniqueIdentifier>{93995380-89BD-4b04-88EB-625FBE52EBFB}</UniqueIdentifier>
      <Extensions>h;hpp;hxx;hm;inl;inc;xsd</Extensions>
    </Filter>
    <Filter Include="Resource Files">
      <UniqueIdentifier>{67DA6AB6-F800-4c08-8B7A-83BB121AAD01}</UniqueIdentifier>
      <Extensions>rc;ico;cur;bmp;dlg;rc2;rct;bin;rgs;gif;jpg;jpeg;jpe;resx;tiff;tif;png;wav</Extensions>
    </Filter>
  </ItemGroup>
  <ItemGroup>
    <ClCompile Include="FTR_PROGRESS.cpp">
      <Filter>Source Files</Filter>
    </ClCompile>
    <ClCompile Include="FtrIdentifyRecord.cpp">
      <Filter>Source Files</Filter>
    </ClCompile>
    <ClCompile Include="FtrIdentifyResult.cpp">
      <Filter>Source Files</Filter>
    </ClCompile>
    <ClCompile Include="ftrJSDK.cpp">
      <Filter>Source Files</Filter>
    </ClCompile>
    <ClCompile Include="FutronicEnrollment.cpp">
      <Filter>Source Files</Filter>
    </ClCompile>
    <ClCompile Include="FutronicIdentification.cpp">
      <Filter>Source Files</Filter>
    </ClCompile>
    <ClCompile Include="FutronicSdkBase.cpp">
      <Filter>Source Files</Filter>
    </ClCompile>
    <ClCompile Include="FutronicVerification.cpp">
      <Filter>Source Files</Filter>
    </ClCompile>
    <ClCompile Include="stdafx.cpp">
      <Filter>Source Files</Filter>
    </ClCompile>
  </ItemGroup>
  <ItemGroup>
    <ClInclude Include="FTR_PROGRESS.h">
      <Filter>Header Files</Filter>
    </ClInclude>
    <ClInclude Include="FtrIdentifyRecord.h">
      <Filter>Header Files</Filter>
    </ClInclude>
    <ClInclude Include="FtrIdentifyResult.h">
      <Filter>Header Files</Filter>
    </ClInclude>
    <ClInclude Include="ftrJSDK.h">
      <Filter>Header Files</Filter>
    </ClInclude>
    <ClInclude Include="FutronicEnrollment.h">
      <Filter>Header Files</Filter>
    </ClInclude>
    <ClInclude Include="FutronicIdentification.h">
      <Filter>Header Files</Filter>
    </ClInclude>
    <ClInclude Include="FutronicSdkBase.h">
      <Filter>Header Files</Filter>
    </ClInclude>
    <ClInclude Include="FutronicVerification.h">
      <Filter>Header Files</Filter>
    </ClInclude>
    <ClInclude Include="resource.h">
      <Filter>Header Files</Filter>
    </ClInclude>
    <ClInclude Include="stdafx.h">
      <Filter>Header Files</Filter>
    </ClInclude>
  </ItemGroup>
  <ItemGroup>
    <ResourceCompile Include="ftrJSDK.rc">
      <Filter>Resource Files</Filter>
    </ResourceCompile>
  </ItemGroup>
</Project>